
Microsoft Visual Studio Solution File, Format Version 12.00
# Visual Studio Version 17
VisualStudioVersion = 17.5.002.0
MinimumVisualStudioVersion = 10.0.40219.1
Project("{9A19103F-16F7-4668-BE54-9A1E7A4F7556}") = "AashaDigitalIndia24Testing", "AashaDigitalIndia24Testing.csproj", "{FA3CE42F-C5D0-4A24-BE63-DB631A3948F0}"
EndProject
Global
	GlobalSection(SolutionConfigurationPlatforms) = preSolution
		Debug|Any CPU = Debug|Any CPU
		Release|Any CPU = Release|Any CPU
	EndGlobalSection
	GlobalSection(ProjectConfigurationPlatforms) = postSolution
		{FA3CE42F-C5D0-4A24-BE63-DB631A3948F0}.Debug|Any CPU.ActiveCfg = Debug|Any CPU
		{FA3CE42F-C5D0-4A24-BE63-DB631A3948F0}.Debug|Any CPU.Build.0 = Debug|Any CPU
		{FA3CE42F-C5D0-4A24-BE63-DB631A3948F0}.Release|Any CPU.ActiveCfg = Release|Any CPU
		{FA3CE42F-C5D0-4A24-BE63-DB631A3948F0}.Release|Any CPU.Build.0 = Release|Any CPU
	EndGlobalSection
	GlobalSection(SolutionProperties) = preSolution
		HideSolutionNode = FALSE
	EndGlobalSection
	GlobalSection(ExtensibilityGlobals) = postSolution
		SolutionGuid = {3E5CCEAB-8A52-42E0-A8EF-6C4914E39A4B}
	EndGlobalSection
EndGlobal
